// !$*UTF8*$!
{
	archiveVersion = 1;
	classes = {
	};
	objectVersion = 56;
	objects = {

/* Begin PBXBuildFile section */
		A374CAD1291F28B900C5A909 /* LetsBuskApp.swift in Sources */ = {isa = PBXBuildFile; fileRef = A374CAD0291F28B900C5A909 /* LetsBuskApp.swift */; };
		A374CAD3291F28B900C5A909 /* ContentView.swift in Sources */ = {isa = PBXBuildFile; fileRef = A374CAD2291F28B900C5A909 /* ContentView.swift */; };
		A374CAD5291F28BA00C5A909 /* Assets.xcassets in Resources */ = {isa = PBXBuildFile; fileRef = A374CAD4291F28BA00C5A909 /* Assets.xcassets */; };
		A374CAD8291F28BA00C5A909 /* Preview Assets.xcassets in Resources */ = {isa = PBXBuildFile; fileRef = A374CAD7291F28BA00C5A909 /* Preview Assets.xcassets */; };
		A374CADF291F39C600C5A909 /* GoogleService-Info.plist in Resources */ = {isa = PBXBuildFile; fileRef = A374CADE291F39C600C5A909 /* GoogleService-Info.plist */; };
		A374CAE2291F3A5600C5A909 /* FirebaseAuth in Frameworks */ = {isa = PBXBuildFile; productRef = A374CAE1291F3A5600C5A909 /* FirebaseAuth */; };
		A374CAE4291F3A5600C5A909 /* FirebaseFirestore in Frameworks */ = {isa = PBXBuildFile; productRef = A374CAE3291F3A5600C5A909 /* FirebaseFirestore */; };
		A374CAE6291F3A5600C5A909 /* FirebaseFirestoreSwift in Frameworks */ = {isa = PBXBuildFile; productRef = A374CAE5291F3A5600C5A909 /* FirebaseFirestoreSwift */; };
		A374CAE8291F3A5600C5A909 /* FirebaseStorage in Frameworks */ = {isa = PBXBuildFile; productRef = A374CAE7291F3A5600C5A909 /* FirebaseStorage */; };
		A374CAEC291F3BA200C5A909 /* LandingPage.swift in Sources */ = {isa = PBXBuildFile; fileRef = A374CAEB291F3BA200C5A909 /* LandingPage.swift */; };
		A374CB04291F42B100C5A909 /* OnboardView.swift in Sources */ = {isa = PBXBuildFile; fileRef = A374CB03291F42B100C5A909 /* OnboardView.swift */; };
		A374CB06291F583700C5A909 /* PostLandingPage.swift in Sources */ = {isa = PBXBuildFile; fileRef = A374CB05291F583700C5A909 /* PostLandingPage.swift */; };
		A374CB08291F6F8600C5A909 /* SignUpFirst.swift in Sources */ = {isa = PBXBuildFile; fileRef = A374CB07291F6F8600C5A909 /* SignUpFirst.swift */; };
		A374CB0A291F7E2E00C5A909 /* Event.swift in Sources */ = {isa = PBXBuildFile; fileRef = A374CB09291F7E2E00C5A909 /* Event.swift */; };
		A374CB0C291F7E3600C5A909 /* Artist.swift in Sources */ = {isa = PBXBuildFile; fileRef = A374CB0B291F7E3600C5A909 /* Artist.swift */; };
		A374CB0E291F837800C5A909 /* UserViewModel.swift in Sources */ = {isa = PBXBuildFile; fileRef = A374CB0D291F837800C5A909 /* UserViewModel.swift */; };
		A374CB10291F83DB00C5A909 /* LoginScreen.swift in Sources */ = {isa = PBXBuildFile; fileRef = A374CB0F291F83DB00C5A909 /* LoginScreen.swift */; };
		A374CB12291F87A100C5A909 /* Errors.swift in Sources */ = {isa = PBXBuildFile; fileRef = A374CB11291F87A100C5A909 /* Errors.swift */; };
		A374CB14291F92AA00C5A909 /* SignUpSecond.swift in Sources */ = {isa = PBXBuildFile; fileRef = A374CB13291F92AA00C5A909 /* SignUpSecond.swift */; };
		A374CB17291F94E200C5A909 /* SwiftUIX in Frameworks */ = {isa = PBXBuildFile; productRef = A374CB16291F94E200C5A909 /* SwiftUIX */; };
		A374CB19291FC96B00C5A909 /* Tags.swift in Sources */ = {isa = PBXBuildFile; fileRef = A374CB18291FC96B00C5A909 /* Tags.swift */; };
		A374CB1B291FCD7200C5A909 /* TagsView.swift in Sources */ = {isa = PBXBuildFile; fileRef = A374CB1A291FCD7200C5A909 /* TagsView.swift */; };
		A3B7D780292024EC001F6128 /* PerformanceFeed.swift in Sources */ = {isa = PBXBuildFile; fileRef = A3B7D77F292024EC001F6128 /* PerformanceFeed.swift */; };
		A3B7D782292024F7001F6128 /* ActivityManagement.swift in Sources */ = {isa = PBXBuildFile; fileRef = A3B7D781292024F7001F6128 /* ActivityManagement.swift */; };
		A3B7D78629202524001F6128 /* EventsViewModel.swift in Sources */ = {isa = PBXBuildFile; fileRef = A3B7D78529202524001F6128 /* EventsViewModel.swift */; };
		A3B7D78A2920392F001F6128 /* ArtistTabViewEntry.swift in Sources */ = {isa = PBXBuildFile; fileRef = A3B7D7892920392F001F6128 /* ArtistTabViewEntry.swift */; };
		A3B7D78C29203AD6001F6128 /* TabRouter.swift in Sources */ = {isa = PBXBuildFile; fileRef = A3B7D78B29203AD6001F6128 /* TabRouter.swift */; };
		A3E3003D292054F800A4705C /* LocationManager.swift in Sources */ = {isa = PBXBuildFile; fileRef = A3E3003C292054F800A4705C /* LocationManager.swift */; };
		A3E3003F292059C300A4705C /* MapViewSelection.swift in Sources */ = {isa = PBXBuildFile; fileRef = A3E3003E292059C300A4705C /* MapViewSelection.swift */; };
		A3E300432920C3B100A4705C /* EventCard.swift in Sources */ = {isa = PBXBuildFile; fileRef = A3E300422920C3B100A4705C /* EventCard.swift */; };
		A3E300452920D52D00A4705C /* AddEvent.swift in Sources */ = {isa = PBXBuildFile; fileRef = A3E300442920D52D00A4705C /* AddEvent.swift */; };
		A3E30047292103C700A4705C /* EventInfopage.swift in Sources */ = {isa = PBXBuildFile; fileRef = A3E30046292103C700A4705C /* EventInfopage.swift */; };
/* End PBXBuildFile section */

/* Begin PBXFileReference section */
		A374CACD291F28B900C5A909 /* LetsBusk.app */ = {isa = PBXFileReference; explicitFileType = wrapper.application; includeInIndex = 0; path = LetsBusk.app; sourceTree = BUILT_PRODUCTS_DIR; };
		A374CAD0291F28B900C5A909 /* LetsBuskApp.swift */ = {isa = PBXFileReference; lastKnownFileType = sourcecode.swift; path = LetsBuskApp.swift; sourceTree = "<group>"; };
		A374CAD2291F28B900C5A909 /* ContentView.swift */ = {isa = PBXFileReference; lastKnownFileType = sourcecode.swift; path = ContentView.swift; sourceTree = "<group>"; };
		A374CAD4291F28BA00C5A909 /* Assets.xcassets */ = {isa = PBXFileReference; lastKnownFileType = folder.assetcatalog; path = Assets.xcassets; sourceTree = "<group>"; };
		A374CAD7291F28BA00C5A909 /* Preview Assets.xcassets */ = {isa = PBXFileReference; lastKnownFileType = folder.assetcatalog; path = "Preview Assets.xcassets"; sourceTree = "<group>"; };
		A374CADE291F39C600C5A909 /* GoogleService-Info.plist */ = {isa = PBXFileReference; fileEncoding = 4; lastKnownFileType = text.plist.xml; path = "GoogleService-Info.plist"; sourceTree = "<group>"; };
		A374CAEB291F3BA200C5A909 /* LandingPage.swift */ = {isa = PBXFileReference; lastKnownFileType = sourcecode.swift; path = LandingPage.swift; sourceTree = "<group>"; };
		A374CB02291F409F00C5A909 /* Info.plist */ = {isa = PBXFileReference; lastKnownFileType = text.plist; path = Info.plist; sourceTree = "<group>"; };
		A374CB03291F42B100C5A909 /* OnboardView.swift */ = {isa = PBXFileReference; lastKnownFileType = sourcecode.swift; path = OnboardView.swift; sourceTree = "<group>"; };
		A374CB05291F583700C5A909 /* PostLandingPage.swift */ = {isa = PBXFileReference; lastKnownFileType = sourcecode.swift; path = PostLandingPage.swift; sourceTree = "<group>"; };
		A374CB07291F6F8600C5A909 /* SignUpFirst.swift */ = {isa = PBXFileReference; lastKnownFileType = sourcecode.swift; path = SignUpFirst.swift; sourceTree = "<group>"; };
		A374CB09291F7E2E00C5A909 /* Event.swift */ = {isa = PBXFileReference; lastKnownFileType = sourcecode.swift; path = Event.swift; sourceTree = "<group>"; };
		A374CB0B291F7E3600C5A909 /* Artist.swift */ = {isa = PBXFileReference; lastKnownFileType = sourcecode.swift; path = Artist.swift; sourceTree = "<group>"; };
		A374CB0D291F837800C5A909 /* UserViewModel.swift */ = {isa = PBXFileReference; lastKnownFileType = sourcecode.swift; path = UserViewModel.swift; sourceTree = "<group>"; };
		A374CB0F291F83DB00C5A909 /* LoginScreen.swift */ = {isa = PBXFileReference; lastKnownFileType = sourcecode.swift; path = LoginScreen.swift; sourceTree = "<group>"; };
		A374CB11291F87A100C5A909 /* Errors.swift */ = {isa = PBXFileReference; lastKnownFileType = sourcecode.swift; path = Errors.swift; sourceTree = "<group>"; };
		A374CB13291F92AA00C5A909 /* SignUpSecond.swift */ = {isa = PBXFileReference; lastKnownFileType = sourcecode.swift; path = SignUpSecond.swift; sourceTree = "<group>"; };
		A374CB18291FC96B00C5A909 /* Tags.swift */ = {isa = PBXFileReference; lastKnownFileType = sourcecode.swift; path = Tags.swift; sourceTree = "<group>"; };
		A374CB1A291FCD7200C5A909 /* TagsView.swift */ = {isa = PBXFileReference; lastKnownFileType = sourcecode.swift; path = TagsView.swift; sourceTree = "<group>"; };
		A3B7D77F292024EC001F6128 /* PerformanceFeed.swift */ = {isa = PBXFileReference; lastKnownFileType = sourcecode.swift; path = PerformanceFeed.swift; sourceTree = "<group>"; };
		A3B7D781292024F7001F6128 /* ActivityManagement.swift */ = {isa = PBXFileReference; lastKnownFileType = sourcecode.swift; path = ActivityManagement.swift; sourceTree = "<group>"; };
		A3B7D78529202524001F6128 /* EventsViewModel.swift */ = {isa = PBXFileReference; lastKnownFileType = sourcecode.swift; path = EventsViewModel.swift; sourceTree = "<group>"; };
		A3B7D7892920392F001F6128 /* ArtistTabViewEntry.swift */ = {isa = PBXFileReference; lastKnownFileType = sourcecode.swift; path = ArtistTabViewEntry.swift; sourceTree = "<group>"; };
		A3B7D78B29203AD6001F6128 /* TabRouter.swift */ = {isa = PBXFileReference; lastKnownFileType = sourcecode.swift; path = TabRouter.swift; sourceTree = "<group>"; };
		A3E3003C292054F800A4705C /* LocationManager.swift */ = {isa = PBXFileReference; lastKnownFileType = sourcecode.swift; path = LocationManager.swift; sourceTree = "<group>"; };
		A3E3003E292059C300A4705C /* MapViewSelection.swift */ = {isa = PBXFileReference; lastKnownFileType = sourcecode.swift; path = MapViewSelection.swift; sourceTree = "<group>"; };
		A3E300422920C3B100A4705C /* EventCard.swift */ = {isa = PBXFileReference; lastKnownFileType = sourcecode.swift; path = EventCard.swift; sourceTree = "<group>"; };
		A3E300442920D52D00A4705C /* AddEvent.swift */ = {isa = PBXFileReference; lastKnownFileType = sourcecode.swift; path = AddEvent.swift; sourceTree = "<group>"; };
		A3E30046292103C700A4705C /* EventInfopage.swift */ = {isa = PBXFileReference; lastKnownFileType = sourcecode.swift; path = EventInfopage.swift; sourceTree = "<group>"; };
/* End PBXFileReference section */

/* Begin PBXFrameworksBuildPhase section */
		A374CACA291F28B900C5A909 /* Frameworks */ = {
			isa = PBXFrameworksBuildPhase;
			buildActionMask = 2147483647;
			files = (
				A374CAE2291F3A5600C5A909 /* FirebaseAuth in Frameworks */,
				A374CAE8291F3A5600C5A909 /* FirebaseStorage in Frameworks */,
				A374CAE4291F3A5600C5A909 /* FirebaseFirestore in Frameworks */,
				A374CB17291F94E200C5A909 /* SwiftUIX in Frameworks */,
				A374CAE6291F3A5600C5A909 /* FirebaseFirestoreSwift in Frameworks */,
			);
			runOnlyForDeploymentPostprocessing = 0;
		};
/* End PBXFrameworksBuildPhase section */

/* Begin PBXGroup section */
		A374CAC4291F28B900C5A909 = {
			isa = PBXGroup;
			children = (
				A374CACF291F28B900C5A909 /* LetsBusk */,
				A374CACE291F28B900C5A909 /* Products */,
			);
			sourceTree = "<group>";
		};
		A374CACE291F28B900C5A909 /* Products */ = {
			isa = PBXGroup;
			children = (
				A374CACD291F28B900C5A909 /* LetsBusk.app */,
			);
			name = Products;
			sourceTree = "<group>";
		};
		A374CACF291F28B900C5A909 /* LetsBusk */ = {
			isa = PBXGroup;
			children = (
				A374CB02291F409F00C5A909 /* Info.plist */,
				A374CAEA291F3B1B00C5A909 /* View */,
				A374CAE9291F3ADF00C5A909 /* Model */,
				A374CADE291F39C600C5A909 /* GoogleService-Info.plist */,
				A374CAD0291F28B900C5A909 /* LetsBuskApp.swift */,
				A374CAD4291F28BA00C5A909 /* Assets.xcassets */,
				A374CAD6291F28BA00C5A909 /* Preview Content */,
			);
			path = LetsBusk;
			sourceTree = "<group>";
		};
		A374CAD6291F28BA00C5A909 /* Preview Content */ = {
			isa = PBXGroup;
			children = (
				A374CAD7291F28BA00C5A909 /* Preview Assets.xcassets */,
			);
			path = "Preview Content";
			sourceTree = "<group>";
		};
		A374CAE9291F3ADF00C5A909 /* Model */ = {
			isa = PBXGroup;
			children = (
				A3B7D78B29203AD6001F6128 /* TabRouter.swift */,
				A374CB09291F7E2E00C5A909 /* Event.swift */,
				A374CB0B291F7E3600C5A909 /* Artist.swift */,
				A374CB0D291F837800C5A909 /* UserViewModel.swift */,
				A374CB11291F87A100C5A909 /* Errors.swift */,
				A374CB18291FC96B00C5A909 /* Tags.swift */,
				A3B7D78529202524001F6128 /* EventsViewModel.swift */,
				A3E3003C292054F800A4705C /* LocationManager.swift */,
			);
			path = Model;
			sourceTree = "<group>";
		};
		A374CAEA291F3B1B00C5A909 /* View */ = {
			isa = PBXGroup;
			children = (
				A374CAD2291F28B900C5A909 /* ContentView.swift */,
				A374CAEB291F3BA200C5A909 /* LandingPage.swift */,
				A374CB03291F42B100C5A909 /* OnboardView.swift */,
				A374CB05291F583700C5A909 /* PostLandingPage.swift */,
				A374CB07291F6F8600C5A909 /* SignUpFirst.swift */,
				A374CB13291F92AA00C5A909 /* SignUpSecond.swift */,
				A374CB0F291F83DB00C5A909 /* LoginScreen.swift */,
				A374CB1A291FCD7200C5A909 /* TagsView.swift */,
				A3B7D77F292024EC001F6128 /* PerformanceFeed.swift */,
				A3E300422920C3B100A4705C /* EventCard.swift */,
				A3B7D781292024F7001F6128 /* ActivityManagement.swift */,
				A3B7D7892920392F001F6128 /* ArtistTabViewEntry.swift */,
				A3E300442920D52D00A4705C /* AddEvent.swift */,
				A3E3003E292059C300A4705C /* MapViewSelection.swift */,
				A3E30046292103C700A4705C /* EventInfopage.swift */,
			);
			path = View;
			sourceTree = "<group>";
		};
/* End PBXGroup section */

/* Begin PBXNativeTarget section */
		A374CACC291F28B900C5A909 /* LetsBusk */ = {
			isa = PBXNativeTarget;
			buildConfigurationList = A374CADB291F28BA00C5A909 /* Build configuration list for PBXNativeTarget "LetsBusk" */;
			buildPhases = (
				A374CAC9291F28B900C5A909 /* Sources */,
				A374CACA291F28B900C5A909 /* Frameworks */,
				A374CACB291F28B900C5A909 /* Resources */,
			);
			buildRules = (
			);
			dependencies = (
			);
			name = LetsBusk;
			packageProductDependencies = (
				A374CAE1291F3A5600C5A909 /* FirebaseAuth */,
				A374CAE3291F3A5600C5A909 /* FirebaseFirestore */,
				A374CAE5291F3A5600C5A909 /* FirebaseFirestoreSwift */,
				A374CAE7291F3A5600C5A909 /* FirebaseStorage */,
				A374CB16291F94E200C5A909 /* SwiftUIX */,
			);
			productName = LetsBusk;
			productReference = A374CACD291F28B900C5A909 /* LetsBusk.app */;
			productType = "com.apple.product-type.application";
		};
/* End PBXNativeTarget section */

/* Begin PBXProject section */
		A374CAC5291F28B900C5A909 /* Project object */ = {
			isa = PBXProject;
			attributes = {
				BuildIndependentTargetsInParallel = 1;
				LastSwiftUpdateCheck = 1410;
				LastUpgradeCheck = 1410;
				TargetAttributes = {
					A374CACC291F28B900C5A909 = {
						CreatedOnToolsVersion = 14.1;
					};
				};
			};
			buildConfigurationList = A374CAC8291F28B900C5A909 /* Build configuration list for PBXProject "LetsBusk" */;
			compatibilityVersion = "Xcode 14.0";
			developmentRegion = en;
			hasScannedForEncodings = 0;
			knownRegions = (
				en,
				Base,
			);
			mainGroup = A374CAC4291F28B900C5A909;
			packageReferences = (
				A374CAE0291F3A5600C5A909 /* XCRemoteSwiftPackageReference "firebase-ios-sdk" */,
				A374CB15291F94E200C5A909 /* XCRemoteSwiftPackageReference "SwiftUIX" */,
			);
			productRefGroup = A374CACE291F28B900C5A909 /* Products */;
			projectDirPath = "";
			projectRoot = "";
			targets = (
				A374CACC291F28B900C5A909 /* LetsBusk */,
			);
		};
/* End PBXProject section */

/* Begin PBXResourcesBuildPhase section */
		A374CACB291F28B900C5A909 /* Resources */ = {
			isa = PBXResourcesBuildPhase;
			buildActionMask = 2147483647;
			files = (
				A374CAD8291F28BA00C5A909 /* Preview Assets.xcassets in Resources */,
				A374CADF291F39C600C5A909 /* GoogleService-Info.plist in Resources */,
				A374CAD5291F28BA00C5A909 /* Assets.xcassets in Resources */,
			);
			runOnlyForDeploymentPostprocessing = 0;
		};
/* End PBXResourcesBuildPhase section */

/* Begin PBXSourcesBuildPhase section */
		A374CAC9291F28B900C5A909 /* Sources */ = {
			isa = PBXSourcesBuildPhase;
			buildActionMask = 2147483647;
			files = (
				A374CB04291F42B100C5A909 /* OnboardView.swift in Sources */,
				A3E300452920D52D00A4705C /* AddEvent.swift in Sources */,
				A3B7D78A2920392F001F6128 /* ArtistTabViewEntry.swift in Sources */,
				A3E3003F292059C300A4705C /* MapViewSelection.swift in Sources */,
				A3B7D78C29203AD6001F6128 /* TabRouter.swift in Sources */,
				A374CAD3291F28B900C5A909 /* ContentView.swift in Sources */,
				A3B7D780292024EC001F6128 /* PerformanceFeed.swift in Sources */,
				A374CB08291F6F8600C5A909 /* SignUpFirst.swift in Sources */,
				A374CB14291F92AA00C5A909 /* SignUpSecond.swift in Sources */,
				A3E30047292103C700A4705C /* EventInfopage.swift in Sources */,
				A374CB06291F583700C5A909 /* PostLandingPage.swift in Sources */,
				A374CAD1291F28B900C5A909 /* LetsBuskApp.swift in Sources */,
				A374CB0A291F7E2E00C5A909 /* Event.swift in Sources */,
				A374CB0C291F7E3600C5A909 /* Artist.swift in Sources */,
				A374CB12291F87A100C5A909 /* Errors.swift in Sources */,
				A374CB1B291FCD7200C5A909 /* TagsView.swift in Sources */,
				A3E300432920C3B100A4705C /* EventCard.swift in Sources */,
				A374CB0E291F837800C5A909 /* UserViewModel.swift in Sources */,
				A374CAEC291F3BA200C5A909 /* LandingPage.swift in Sources */,
				A374CB10291F83DB00C5A909 /* LoginScreen.swift in Sources */,
				A3E3003D292054F800A4705C /* LocationManager.swift in Sources */,
				A3B7D78629202524001F6128 /* EventsViewModel.swift in Sources */,
				A374CB19291FC96B00C5A909 /* Tags.swift in Sources */,
				A3B7D782292024F7001F6128 /* ActivityManagement.swift in Sources */,
			);
			runOnlyForDeploymentPostprocessing = 0;
		};
/* End PBXSourcesBuildPhase section */

/* Begin XCBuildConfiguration section */
		A374CAD9291F28BA00C5A909 /* Debug */ = {
			isa = XCBuildConfiguration;
			buildSettings = {
				ALWAYS_SEARCH_USER_PATHS = NO;
				CLANG_ANALYZER_NONNULL = YES;
				CLANG_ANALYZER_NUMBER_OBJECT_CONVERSION = YES_AGGRESSIVE;
				CLANG_CXX_LANGUAGE_STANDARD = "gnu++20";
				CLANG_ENABLE_MODULES = YES;
				CLANG_ENABLE_OBJC_ARC = YES;
				CLANG_ENABLE_OBJC_WEAK = YES;
				CLANG_WARN_BLOCK_CAPTURE_AUTORELEASING = YES;
				CLANG_WARN_BOOL_CONVERSION = YES;
				CLANG_WARN_COMMA = YES;
				CLANG_WARN_CONSTANT_CONVERSION = YES;
				CLANG_WARN_DEPRECATED_OBJC_IMPLEMENTATIONS = YES;
				CLANG_WARN_DIRECT_OBJC_ISA_USAGE = YES_ERROR;
				CLANG_WARN_DOCUMENTATION_COMMENTS = YES;
				CLANG_WARN_EMPTY_BODY = YES;
				CLANG_WARN_ENUM_CONVERSION = YES;
				CLANG_WARN_INFINITE_RECURSION = YES;
				CLANG_WARN_INT_CONVERSION = YES;
				CLANG_WARN_NON_LITERAL_NULL_CONVERSION = YES;
				CLANG_WARN_OBJC_IMPLICIT_RETAIN_SELF = YES;
				CLANG_WARN_OBJC_LITERAL_CONVERSION = YES;
				CLANG_WARN_OBJC_ROOT_CLASS = YES_ERROR;
				CLANG_WARN_QUOTED_INCLUDE_IN_FRAMEWORK_HEADER = YES;
				CLANG_WARN_RANGE_LOOP_ANALYSIS = YES;
				CLANG_WARN_STRICT_PROTOTYPES = YES;
				CLANG_WARN_SUSPICIOUS_MOVE = YES;
				CLANG_WARN_UNGUARDED_AVAILABILITY = YES_AGGRESSIVE;
				CLANG_WARN_UNREACHABLE_CODE = YES;
				CLANG_WARN__DUPLICATE_METHOD_MATCH = YES;
				COPY_PHASE_STRIP = NO;
				DEBUG_INFORMATION_FORMAT = dwarf;
				ENABLE_STRICT_OBJC_MSGSEND = YES;
				ENABLE_TESTABILITY = YES;
				GCC_C_LANGUAGE_STANDARD = gnu11;
				GCC_DYNAMIC_NO_PIC = NO;
				GCC_NO_COMMON_BLOCKS = YES;
				GCC_OPTIMIZATION_LEVEL = 0;
				GCC_PREPROCESSOR_DEFINITIONS = (
					"DEBUG=1",
					"$(inherited)",
				);
				GCC_WARN_64_TO_32_BIT_CONVERSION = YES;
				GCC_WARN_ABOUT_RETURN_TYPE = YES_ERROR;
				GCC_WARN_UNDECLARED_SELECTOR = YES;
				GCC_WARN_UNINITIALIZED_AUTOS = YES_AGGRESSIVE;
				GCC_WARN_UNUSED_FUNCTION = YES;
				GCC_WARN_UNUSED_VARIABLE = YES;
				IPHONEOS_DEPLOYMENT_TARGET = 15.6;
				MTL_ENABLE_DEBUG_INFO = INCLUDE_SOURCE;
				MTL_FAST_MATH = YES;
				ONLY_ACTIVE_ARCH = YES;
				SDKROOT = iphoneos;
				SWIFT_ACTIVE_COMPILATION_CONDITIONS = DEBUG;
				SWIFT_OPTIMIZATION_LEVEL = "-Onone";
			};
			name = Debug;
		};
		A374CADA291F28BA00C5A909 /* Release */ = {
			isa = XCBuildConfiguration;
			buildSettings = {
				ALWAYS_SEARCH_USER_PATHS = NO;
				CLANG_ANALYZER_NONNULL = YES;
				CLANG_ANALYZER_NUMBER_OBJECT_CONVERSION = YES_AGGRESSIVE;
				CLANG_CXX_LANGUAGE_STANDARD = "gnu++20";
				CLANG_ENABLE_MODULES = YES;
				CLANG_ENABLE_OBJC_ARC = YES;
				CLANG_ENABLE_OBJC_WEAK = YES;
				CLANG_WARN_BLOCK_CAPTURE_AUTORELEASING = YES;
				CLANG_WARN_BOOL_CONVERSION = YES;
				CLANG_WARN_COMMA = YES;
				CLANG_WARN_CONSTANT_CONVERSION = YES;
				CLANG_WARN_DEPRECATED_OBJC_IMPLEMENTATIONS = YES;
				CLANG_WARN_DIRECT_OBJC_ISA_USAGE = YES_ERROR;
				CLANG_WARN_DOCUMENTATION_COMMENTS = YES;
				CLANG_WARN_EMPTY_BODY = YES;
				CLANG_WARN_ENUM_CONVERSION = YES;
				CLANG_WARN_INFINITE_RECURSION = YES;
				CLANG_WARN_INT_CONVERSION = YES;
				CLANG_WARN_NON_LITERAL_NULL_CONVERSION = YES;
				CLANG_WARN_OBJC_IMPLICIT_RETAIN_SELF = YES;
				CLANG_WARN_OBJC_LITERAL_CONVERSION = YES;
				CLANG_WARN_OBJC_ROOT_CLASS = YES_ERROR;
				CLANG_WARN_QUOTED_INCLUDE_IN_FRAMEWORK_HEADER = YES;
				CLANG_WARN_RANGE_LOOP_ANALYSIS = YES;
				CLANG_WARN_STRICT_PROTOTYPES = YES;
				CLANG_WARN_SUSPICIOUS_MOVE = YES;
				CLANG_WARN_UNGUARDED_AVAILABILITY = YES_AGGRESSIVE;
				CLANG_WARN_UNREACHABLE_CODE = YES;
				CLANG_WARN__DUPLICATE_METHOD_MATCH = YES;
				COPY_PHASE_STRIP = NO;
				DEBUG_INFORMATION_FORMAT = "dwarf-with-dsym";
				ENABLE_NS_ASSERTIONS = NO;
				ENABLE_STRICT_OBJC_MSGSEND = YES;
				GCC_C_LANGUAGE_STANDARD = gnu11;
				GCC_NO_COMMON_BLOCKS = YES;
				GCC_WARN_64_TO_32_BIT_CONVERSION = YES;
				GCC_WARN_ABOUT_RETURN_TYPE = YES_ERROR;
				GCC_WARN_UNDECLARED_SELECTOR = YES;
				GCC_WARN_UNINITIALIZED_AUTOS = YES_AGGRESSIVE;
				GCC_WARN_UNUSED_FUNCTION = YES;
				GCC_WARN_UNUSED_VARIABLE = YES;
				IPHONEOS_DEPLOYMENT_TARGET = 15.6;
				MTL_ENABLE_DEBUG_INFO = NO;
				MTL_FAST_MATH = YES;
				SDKROOT = iphoneos;
				SWIFT_COMPILATION_MODE = wholemodule;
				SWIFT_OPTIMIZATION_LEVEL = "-O";
				VALIDATE_PRODUCT = YES;
			};
			name = Release;
		};
		A374CADC291F28BA00C5A909 /* Debug */ = {
			isa = XCBuildConfiguration;
			buildSettings = {
				ASSETCATALOG_COMPILER_APPICON_NAME = AppIcon;
				ASSETCATALOG_COMPILER_GLOBAL_ACCENT_COLOR_NAME = AccentColor;
				CODE_SIGN_STYLE = Automatic;
				CURRENT_PROJECT_VERSION = 1;
				DEVELOPMENT_ASSET_PATHS = "\"LetsBusk/Preview Content\"";
				DEVELOPMENT_TEAM = KJ7YS82G45;
				ENABLE_PREVIEWS = YES;
				GENERATE_INFOPLIST_FILE = YES;
				INFOPLIST_FILE = LetsBusk/Info.plist;
				INFOPLIST_KEY_NSLocationWhenInUseUsageDescription = "";
				INFOPLIST_KEY_UIApplicationSceneManifest_Generation = YES;
				INFOPLIST_KEY_UIApplicationSupportsIndirectInputEvents = YES;
				INFOPLIST_KEY_UILaunchScreen_Generation = YES;
				INFOPLIST_KEY_UISupportedInterfaceOrientations_iPad = "UIInterfaceOrientationPortrait UIInterfaceOrientationPortraitUpsideDown UIInterfaceOrientationLandscapeLeft UIInterfaceOrientationLandscapeRight";
				INFOPLIST_KEY_UISupportedInterfaceOrientations_iPhone = "UIInterfaceOrientationPortrait UIInterfaceOrientationLandscapeLeft UIInterfaceOrientationLandscapeRight";
				IPHONEOS_DEPLOYMENT_TARGET = 16.0;
				LD_RUNPATH_SEARCH_PATHS = (
					"$(inherited)",
					"@executable_path/Frameworks",
				);
				MARKETING_VERSION = 1.0;
				PRODUCT_BUNDLE_IDENTIFIER = co.aalbahar.LetsBusk;
				PRODUCT_NAME = "$(TARGET_NAME)";
				SWIFT_EMIT_LOC_STRINGS = YES;
				SWIFT_VERSION = 5.0;
				TARGETED_DEVICE_FAMILY = 1;
			};
			name = Debug;
		};
		A374CADD291F28BA00C5A909 /* Release */ = {
			isa = XCBuildConfiguration;
			buildSettings = {
				ASSETCATALOG_COMPILER_APPICON_NAME = AppIcon;
				ASSETCATALOG_COMPILER_GLOBAL_ACCENT_COLOR_NAME = AccentColor;
				CODE_SIGN_STYLE = Automatic;
				CURRENT_PROJECT_VERSION = 1;
				DEVELOPMENT_ASSET_PATHS = "\"LetsBusk/Preview Content\"";
				DEVELOPMENT_TEAM = KJ7YS82G45;
				ENABLE_PREVIEWS = YES;
				GENERATE_INFOPLIST_FILE = YES;
				INFOPLIST_FILE = LetsBusk/Info.plist;
				INFOPLIST_KEY_NSLocationWhenInUseUsageDescription = "";
				INFOPLIST_KEY_UIApplicationSceneManifest_Generation = YES;
				INFOPLIST_KEY_UIApplicationSupportsIndirectInputEvents = YES;
				INFOPLIST_KEY_UILaunchScreen_Generation = YES;
				INFOPLIST_KEY_UISupportedInterfaceOrientations_iPad = "UIInterfaceOrientationPortrait UIInterfaceOrientationPortraitUpsideDown UIInterfaceOrientationLandscapeLeft UIInterfaceOrientationLandscapeRight";
				INFOPLIST_KEY_UISupportedInterfaceOrientations_iPhone = "UIInterfaceOrientationPortrait UIInterfaceOrientationLandscapeLeft UIInterfaceOrientationLandscapeRight";
				IPHONEOS_DEPLOYMENT_TARGET = 16.0;
				LD_RUNPATH_SEARCH_PATHS = (
					"$(inherited)",
					"@executable_path/Frameworks",
				);
				MARKETING_VERSION = 1.0;
				PRODUCT_BUNDLE_IDENTIFIER = co.aalbahar.LetsBusk;
				PRODUCT_NAME = "$(TARGET_NAME)";
				SWIFT_EMIT_LOC_STRINGS = YES;
				SWIFT_VERSION = 5.0;
				TARGETED_DEVICE_FAMILY = 1;
			};
			name = Release;
		};
/* End XCBuildConfiguration section */

/* Begin XCConfigurationList section */
		A374CAC8291F28B900C5A909 /* Build configuration list for PBXProject "LetsBusk" */ = {
			isa = XCConfigurationList;
			buildConfigurations = (
				A374CAD9291F28BA00C5A909 /* Debug */,
				A374CADA291F28BA00C5A909 /* Release */,
			);
			defaultConfigurationIsVisible = 0;
			defaultConfigurationName = Release;
		};
		A374CADB291F28BA00C5A909 /* Build configuration list for PBXNativeTarget "LetsBusk" */ = {
			isa = XCConfigurationList;
			buildConfigurations = (
				A374CADC291F28BA00C5A909 /* Debug */,
				A374CADD291F28BA00C5A909 /* Release */,
			);
			defaultConfigurationIsVisible = 0;
			defaultConfigurationName = Release;
		};
/* End XCConfigurationList section */

/* Begin XCRemoteSwiftPackageReference section */
		A374CAE0291F3A5600C5A909 /* XCRemoteSwiftPackageReference "firebase-ios-sdk" */ = {
			isa = XCRemoteSwiftPackageReference;
			repositoryURL = "https://github.com/firebase/firebase-ios-sdk.git";
			requirement = {
				kind = upToNextMajorVersion;
				minimumVersion = 9.0.0;
			};
		};
		A374CB15291F94E200C5A909 /* XCRemoteSwiftPackageReference "SwiftUIX" */ = {
			isa = XCRemoteSwiftPackageReference;
			repositoryURL = "https://github.com/SwiftUIX/SwiftUIX";
			requirement = {
				kind = upToNextMajorVersion;
				minimumVersion = 0.1.3;
			};
		};
/* End XCRemoteSwiftPackageReference section */

/* Begin XCSwiftPackageProductDependency section */
		A374CAE1291F3A5600C5A909 /* FirebaseAuth */ = {
			isa = XCSwiftPackageProductDependency;
			package = A374CAE0291F3A5600C5A909 /* XCRemoteSwiftPackageReference "firebase-ios-sdk" */;
			productName = FirebaseAuth;
		};
		A374CAE3291F3A5600C5A909 /* FirebaseFirestore */ = {
			isa = XCSwiftPackageProductDependency;
			package = A374CAE0291F3A5600C5A909 /* XCRemoteSwiftPackageReference "firebase-ios-sdk" */;
			productName = FirebaseFirestore;
		};
		A374CAE5291F3A5600C5A909 /* FirebaseFirestoreSwift */ = {
			isa = XCSwiftPackageProductDependency;
			package = A374CAE0291F3A5600C5A909 /* XCRemoteSwiftPackageReference "firebase-ios-sdk" */;
			productName = FirebaseFirestoreSwift;
		};
		A374CAE7291F3A5600C5A909 /* FirebaseStorage */ = {
			isa = XCSwiftPackageProductDependency;
			package = A374CAE0291F3A5600C5A909 /* XCRemoteSwiftPackageReference "firebase-ios-sdk" */;
			productName = FirebaseStorage;
		};
		A374CB16291F94E200C5A909 /* SwiftUIX */ = {
			isa = XCSwiftPackageProductDependency;
			package = A374CB15291F94E200C5A909 /* XCRemoteSwiftPackageReference "SwiftUIX" */;
			productName = SwiftUIX;
		};
/* End XCSwiftPackageProductDependency section */
	};
	rootObject = A374CAC5291F28B900C5A909 /* Project object */;
}
